<?xml version="1.0" encoding="utf-8"?>
<Project ToolsVersion="4.0" xmlns="http://schemas.microsoft.com/developer/msbuild/2003">
  <ItemGroup>
    <ClCompile Include="dllmain.cpp" />
    <ClCompile Include="Network\CRakClient.cpp">
      <Filter>Network</Filter>
    </ClCompile>
    <ClCompile Include="Network\Network.cpp">
      <Filter>Network</Filter>
    </ClCompile>
    <ClCompile Include="Game\Hooks\Proxy\CD3D9DeviceProxy.cpp">
      <Filter>Game\Hooks\Proxy</Filter>
    </ClCompile>
    <ClCompile Include="Game\Hooks\Proxy\CD3D9Proxy.cpp">
      <Filter>Game\Hooks\Proxy</Filter>
    </ClCompile>
    <ClCompile Include="Game\Hooks\Proxy\CDInput8DeviceProxy.cpp">
      <Filter>Game\Hooks\Proxy</Filter>
    </ClCompile>
    <ClCompile Include="Game\Hooks\Proxy\CDInput8Proxy.cpp">
      <Filter>Game\Hooks\Proxy</Filter>
    </ClCompile>
    <ClCompile Include="Game\Hooks\CHooks.cpp">
      <Filter>Game\Hooks</Filter>
    </ClCompile>
    <ClCompile Include="Game\Hooks\Proxy\CMessageProxy.cpp">
      <Filter>Game\Hooks\Proxy</Filter>
    </ClCompile>
    <ClCompile Include="Utility\CLog.cpp">
      <Filter>Utility</Filter>
    </ClCompile>
    <ClCompile Include="Game\CHUD.cpp">
      <Filter>Game</Filter>
    </ClCompile>
    <ClCompile Include="Utility\CMem.cpp">
      <Filter>Utility</Filter>
    </ClCompile>
    <ClCompile Include="Game\CCmdlineParams.cpp">
      <Filter>Game</Filter>
    </ClCompile>
    <ClCompile Include="Game\CGame.cpp">
      <Filter>Game</Filter>
    </ClCompile>
    <ClCompile Include="Game\CGraphics.cpp">
      <Filter>Game</Filter>
    </ClCompile>
    <ClCompile Include="Utility\CPoint2D.cpp">
      <Filter>Utility</Filter>
    </ClCompile>
    <ClCompile Include="Network\CRPCCallback.cpp">
      <Filter>Network</Filter>
    </ClCompile>
    <ClCompile Include="Game\Hooks\Proxy\CJmpProxy.cpp">
      <Filter>Game\Hooks\Proxy</Filter>
    </ClCompile>
    <ClCompile Include="Network\RPC.cpp">
      <Filter>Network</Filter>
    </ClCompile>
    <ClCompile Include="..\Shared\include\RakNet\Base64Encoder.cpp">
      <Filter>Network\RakNet</Filter>
    </ClCompile>
    <ClCompile Include="..\Shared\include\RakNet\BitStream.cpp">
      <Filter>Network\RakNet</Filter>
    </ClCompile>
    <ClCompile Include="..\Shared\include\RakNet\CCRakNetSlidingWindow.cpp">
      <Filter>Network\RakNet</Filter>
    </ClCompile>
    <ClCompile Include="..\Shared\include\RakNet\CCRakNetUDT.cpp">
      <Filter>Network\RakNet</Filter>
    </ClCompile>
    <ClCompile Include="..\Shared\include\RakNet\CheckSum.cpp">
      <Filter>Network\RakNet</Filter>
    </ClCompile>
    <ClCompile Include="..\Shared\include\RakNet\CloudClient.cpp">
      <Filter>Network\RakNet</Filter>
    </ClCompile>
    <ClCompile Include="..\Shared\include\RakNet\CloudCommon.cpp">
      <Filter>Network\RakNet</Filter>
    </ClCompile>
    <ClCompile Include="..\Shared\include\RakNet\CloudServer.cpp">
      <Filter>Network\RakNet</Filter>
    </ClCompile>
    <ClCompile Include="..\Shared\include\RakNet\CommandParserInterface.cpp">
      <Filter>Network\RakNet</Filter>
    </ClCompile>
    <ClCompile Include="..\Shared\include\RakNet\ConnectionGraph2.cpp">
      <Filter>Network\RakNet</Filter>
    </ClCompile>
    <ClCompile Include="..\Shared\include\RakNet\ConsoleServer.cpp">
      <Filter>Network\RakNet</Filter>
    </ClCompile>
    <ClCompile Include="..\Shared\include\RakNet\DR_SHA1.cpp">
      <Filter>Network\RakNet</Filter>
    </ClCompile>
    <ClCompile Include="..\Shared\include\RakNet\DS_BytePool.cpp">
      <Filter>Network\RakNet</Filter>
    </ClCompile>
    <ClCompile Include="..\Shared\include\RakNet\DS_ByteQueue.cpp">
      <Filter>Network\RakNet</Filter>
    </ClCompile>
    <ClCompile Include="..\Shared\include\RakNet\DS_HuffmanEncodingTree.cpp">
      <Filter>Network\RakNet</Filter>
    </ClCompile>
    <ClCompile Include="..\Shared\include\RakNet\DS_Table.cpp">
      <Filter>Network\RakNet</Filter>
    </ClCompile>
    <ClCompile Include="..\Shared\include\RakNet\DataCompressor.cpp">
      <Filter>Network\RakNet</Filter>
    </ClCompile>
    <ClCompile Include="..\Shared\include\RakNet\DirectoryDeltaTransfer.cpp">
      <Filter>Network\RakNet</Filter>
    </ClCompile>
    <ClCompile Include="..\Shared\include\RakNet\DynDNS.cpp">
      <Filter>Network\RakNet</Filter>
    </ClCompile>
    <ClCompile Include="..\Shared\include\RakNet\EmailSender.cpp">
      <Filter>Network\RakNet</Filter>
    </ClCompile>
    <ClCompile Include="..\Shared\include\RakNet\EpochTimeToString.cpp">
      <Filter>Network\RakNet</Filter>
    </ClCompile>
    <ClCompile Include="..\Shared\include\RakNet\FileList.cpp">
      <Filter>Network\RakNet</Filter>
    </ClCompile>
    <ClCompile Include="..\Shared\include\RakNet\FileListTransfer.cpp">
      <Filter>Network\RakNet</Filter>
    </ClCompile>
    <ClCompile Include="..\Shared\include\RakNet\FileOperations.cpp">
      <Filter>Network\RakNet</Filter>
    </ClCompile>
    <ClCompile Include="..\Shared\include\RakNet\FormatString.cpp">
      <Filter>Network\RakNet</Filter>
    </ClCompile>
    <ClCompile Include="..\Shared\include\RakNet\FullyConnectedMesh2.cpp">
      <Filter>Network\RakNet</Filter>
    </ClCompile>
    <ClCompile Include="..\Shared\include\RakNet\GetTime.cpp">
      <Filter>Network\RakNet</Filter>
    </ClCompile>
    <ClCompile Include="..\Shared\include\RakNet\Getche.cpp">
      <Filter>Network\RakNet</Filter>
    </ClCompile>
    <ClCompile Include="..\Shared\include\RakNet\Gets.cpp">
      <Filter>Network\RakNet</Filter>
    </ClCompile>
    <ClCompile Include="..\Shared\include\RakNet\GridSectorizer.cpp">
      <Filter>Network\RakNet</Filter>
    </ClCompile>
    <ClCompile Include="..\Shared\include\RakNet\HTTPConnection.cpp">
      <Filter>Network\RakNet</Filter>
    </ClCompile>
    <ClCompile Include="..\Shared\include\RakNet\HTTPConnection2.cpp">
      <Filter>Network\RakNet</Filter>
    </ClCompile>
    <ClCompile Include="..\Shared\include\RakNet\IncrementalReadInterface.cpp">
      <Filter>Network\RakNet</Filter>
    </ClCompile>
    <ClCompile Include="..\Shared\include\RakNet\Itoa.cpp">
      <Filter>Network\RakNet</Filter>
    </ClCompile>
    <ClCompile Include="..\Shared\include\RakNet\LinuxStrings.cpp">
      <Filter>Network\RakNet</Filter>
    </ClCompile>
    <ClCompile Include="..\Shared\include\RakNet\LocklessTypes.cpp">
      <Filter>Network\RakNet</Filter>
    </ClCompile>
    <ClCompile Include="..\Shared\include\RakNet\LogCommandParser.cpp">
      <Filter>Network\RakNet</Filter>
    </ClCompile>
    <ClCompile Include="..\Shared\include\RakNet\MessageFilter.cpp">
      <Filter>Network\RakNet</Filter>
    </ClCompile>
    <ClCompile Include="..\Shared\include\RakNet\NatPunchthroughClient.cpp">
      <Filter>Network\RakNet</Filter>
    </ClCompile>
    <ClCompile Include="..\Shared\include\RakNet\NatPunchthroughServer.cpp">
      <Filter>Network\RakNet</Filter>
    </ClCompile>
    <ClCompile Include="..\Shared\include\RakNet\NatTypeDetectionClient.cpp">
      <Filter>Network\RakNet</Filter>
    </ClCompile>
    <ClCompile Include="..\Shared\include\RakNet\NatTypeDetectionCommon.cpp">
      <Filter>Network\RakNet</Filter>
    </ClCompile>
    <ClCompile Include="..\Shared\include\RakNet\NatTypeDetectionServer.cpp">
      <Filter>Network\RakNet</Filter>
    </ClCompile>
    <ClCompile Include="..\Shared\include\RakNet\NetworkIDManager.cpp">
      <Filter>Network\RakNet</Filter>
    </ClCompile>
    <ClCompile Include="..\Shared\include\RakNet\NetworkIDObject.cpp">
      <Filter>Network\RakNet</Filter>
    </ClCompile>
    <ClCompile Include="..\Shared\include\RakNet\PacketConsoleLogger.cpp">
      <Filter>Network\RakNet</Filter>
    </ClCompile>
    <ClCompile Include="..\Shared\include\RakNet\PacketFileLogger.cpp">
      <Filter>Network\RakNet</Filter>
    </ClCompile>
    <ClCompile Include="..\Shared\include\RakNet\PacketLogger.cpp">
      <Filter>Network\RakNet</Filter>
    </ClCompile>
    <ClCompile Include="..\Shared\include\RakNet\PacketOutputWindowLogger.cpp">
      <Filter>Network\RakNet</Filter>
    </ClCompile>
    <ClCompile Include="..\Shared\include\RakNet\PacketizedTCP.cpp">
      <Filter>Network\RakNet</Filter>
    </ClCompile>
    <ClCompile Include="..\Shared\include\RakNet\PluginInterface2.cpp">
      <Filter>Network\RakNet</Filter>
    </ClCompile>
    <ClCompile Include="..\Shared\include\RakNet\RPC4Plugin.cpp">
      <Filter>Network\RakNet</Filter>
    </ClCompile>
    <ClCompile Include="..\Shared\include\RakNet\Rackspace.cpp">
      <Filter>Network\RakNet</Filter>
    </ClCompile>
    <ClCompile Include="..\Shared\include\RakNet\RakMemoryOverride.cpp">
      <Filter>Network\RakNet</Filter>
    </ClCompile>
    <ClCompile Include="..\Shared\include\RakNet\RakNetCommandParser.cpp">
      <Filter>Network\RakNet</Filter>
    </ClCompile>
    <ClCompile Include="..\Shared\include\RakNet\RakNetSocket.cpp">
      <Filter>Network\RakNet</Filter>
    </ClCompile>
    <ClCompile Include="..\Shared\include\RakNet\RakNetSocket2.cpp">
      <Filter>Network\RakNet</Filter>
    </ClCompile>
    <ClCompile Include="..\Shared\include\RakNet\RakNetSocket2_360_720.cpp">
      <Filter>Network\RakNet</Filter>
    </ClCompile>
    <ClCompile Include="..\Shared\include\RakNet\RakNetSocket2_Berkley.cpp">
      <Filter>Network\RakNet</Filter>
    </ClCompile>
    <ClCompile Include="..\Shared\include\RakNet\RakNetSocket2_Berkley_NativeClient.cpp">
      <Filter>Network\RakNet</Filter>
    </ClCompile>
    <ClCompile Include="..\Shared\include\RakNet\RakNetSocket2_NativeClient.cpp">
      <Filter>Network\RakNet</Filter>
    </ClCompile>
    <ClCompile Include="..\Shared\include\RakNet\RakNetSocket2_PS3_PS4.cpp">
      <Filter>Network\RakNet</Filter>
    </ClCompile>
    <ClCompile Include="..\Shared\include\RakNet\RakNetSocket2_PS4.cpp">
      <Filter>Network\RakNet</Filter>
    </ClCompile>
    <ClCompile Include="..\Shared\include\RakNet\RakNetSocket2_Vita.cpp">
      <Filter>Network\RakNet</Filter>
    </ClCompile>
    <ClCompile Include="..\Shared\include\RakNet\RakNetSocket2_WindowsStore8.cpp">
      <Filter>Network\RakNet</Filter>
    </ClCompile>
    <ClCompile Include="..\Shared\include\RakNet\RakNetSocket2_Windows_Linux.cpp">
      <Filter>Network\RakNet</Filter>
    </ClCompile>
    <ClCompile Include="..\Shared\include\RakNet\RakNetSocket2_Windows_Linux_360.cpp">
      <Filter>Network\RakNet</Filter>
    </ClCompile>
    <ClCompile Include="..\Shared\include\RakNet\RakNetStatistics.cpp">
      <Filter>Network\RakNet</Filter>
    </ClCompile>
    <ClCompile Include="..\Shared\include\RakNet\RakNetTransport2.cpp">
      <Filter>Network\RakNet</Filter>
    </ClCompile>
    <ClCompile Include="..\Shared\include\RakNet\RakNetTypes.cpp">
      <Filter>Network\RakNet</Filter>
    </ClCompile>
    <ClCompile Include="..\Shared\include\RakNet\RakPeer.cpp">
      <Filter>Network\RakNet</Filter>
    </ClCompile>
    <ClCompile Include="..\Shared\include\RakNet\RakSleep.cpp">
      <Filter>Network\RakNet</Filter>
    </ClCompile>
    <ClCompile Include="..\Shared\include\RakNet\RakString.cpp">
      <Filter>Network\RakNet</Filter>
    </ClCompile>
    <ClCompile Include="..\Shared\include\RakNet\RakThread.cpp">
      <Filter>Network\RakNet</Filter>
    </ClCompile>
    <ClCompile Include="..\Shared\include\RakNet\RakWString.cpp">
      <Filter>Network\RakNet</Filter>
    </ClCompile>
    <ClCompile Include="..\Shared\include\RakNet\Rand.cpp">
      <Filter>Network\RakNet</Filter>
    </ClCompile>
    <ClCompile Include="..\Shared\include\RakNet\RandSync.cpp">
      <Filter>Network\RakNet</Filter>
    </ClCompile>
    <ClCompile Include="..\Shared\include\RakNet\ReadyEvent.cpp">
      <Filter>Network\RakNet</Filter>
    </ClCompile>
    <ClCompile Include="..\Shared\include\RakNet\RelayPlugin.cpp">
      <Filter>Network\RakNet</Filter>
    </ClCompile>
    <ClCompile Include="..\Shared\include\RakNet\ReliabilityLayer.cpp">
      <Filter>Network\RakNet</Filter>
    </ClCompile>
    <ClCompile Include="..\Shared\include\RakNet\ReplicaManager3.cpp">
      <Filter>Network\RakNet</Filter>
    </ClCompile>
    <ClCompile Include="..\Shared\include\RakNet\Router2.cpp">
      <Filter>Network\RakNet</Filter>
    </ClCompile>
    <ClCompile Include="..\Shared\include\RakNet\SecureHandshake.cpp">
      <Filter>Network\RakNet</Filter>
    </ClCompile>
    <ClCompile Include="..\Shared\include\RakNet\SendToThread.cpp">
      <Filter>Network\RakNet</Filter>
    </ClCompile>
    <ClCompile Include="..\Shared\include\RakNet\SignaledEvent.cpp">
      <Filter>Network\RakNet</Filter>
    </ClCompile>
    <ClCompile Include="..\Shared\include\RakNet\SimpleMutex.cpp">
      <Filter>Network\RakNet</Filter>
    </ClCompile>
    <ClCompile Include="..\Shared\include\RakNet\SocketLayer.cpp">
      <Filter>Network\RakNet</Filter>
    </ClCompile>
    <ClCompile Include="..\Shared\include\RakNet\StatisticsHistory.cpp">
      <Filter>Network\RakNet</Filter>
    </ClCompile>
    <ClCompile Include="..\Shared\include\RakNet\StringCompressor.cpp">
      <Filter>Network\RakNet</Filter>
    </ClCompile>
    <ClCompile Include="..\Shared\include\RakNet\StringTable.cpp">
      <Filter>Network\RakNet</Filter>
    </ClCompile>
    <ClCompile Include="..\Shared\include\RakNet\SuperFastHash.cpp">
      <Filter>Network\RakNet</Filter>
    </ClCompile>
    <ClCompile Include="..\Shared\include\RakNet\TCPInterface.cpp">
      <Filter>Network\RakNet</Filter>
    </ClCompile>
    <ClCompile Include="..\Shared\include\RakNet\TableSerializer.cpp">
      <Filter>Network\RakNet</Filter>
    </ClCompile>
    <ClCompile Include="..\Shared\include\RakNet\TeamBalancer.cpp">
      <Filter>Network\RakNet</Filter>
    </ClCompile>
    <ClCompile Include="..\Shared\include\RakNet\TeamManager.cpp">
      <Filter>Network\RakNet</Filter>
    </ClCompile>
    <ClCompile Include="..\Shared\include\RakNet\TelnetTransport.cpp">
      <Filter>Network\RakNet</Filter>
    </ClCompile>
    <ClCompile Include="..\Shared\include\RakNet\ThreadsafePacketLogger.cpp">
      <Filter>Network\RakNet</Filter>
    </ClCompile>
    <ClCompile Include="..\Shared\include\RakNet\TwoWayAuthentication.cpp">
      <Filter>Network\RakNet</Filter>
    </ClCompile>
    <ClCompile Include="..\Shared\include\RakNet\UDPForwarder.cpp">
      <Filter>Network\RakNet</Filter>
    </ClCompile>
    <ClCompile Include="..\Shared\include\RakNet\UDPProxyClient.cpp">
      <Filter>Network\RakNet</Filter>
    </ClCompile>
    <ClCompile Include="..\Shared\include\RakNet\UDPProxyCoordinator.cpp">
      <Filter>Network\RakNet</Filter>
    </ClCompile>
    <ClCompile Include="..\Shared\include\RakNet\UDPProxyServer.cpp">
      <Filter>Network\RakNet</Filter>
    </ClCompile>
    <ClCompile Include="..\Shared\include\RakNet\VariableDeltaSerializer.cpp">
      <Filter>Network\RakNet</Filter>
    </ClCompile>
    <ClCompile Include="..\Shared\include\RakNet\VariableListDeltaTracker.cpp">
      <Filter>Network\RakNet</Filter>
    </ClCompile>
    <ClCompile Include="..\Shared\include\RakNet\VariadicSQLParser.cpp">
      <Filter>Network\RakNet</Filter>
    </ClCompile>
    <ClCompile Include="..\Shared\include\RakNet\VitaIncludes.cpp">
      <Filter>Network\RakNet</Filter>
    </ClCompile>
    <ClCompile Include="..\Shared\include\RakNet\WSAStartupSingleton.cpp">
      <Filter>Network\RakNet</Filter>
    </ClCompile>
    <ClCompile Include="..\Shared\include\RakNet\_FindFirst.cpp">
      <Filter>Network\RakNet</Filter>
    </ClCompile>
    <ClCompile Include="..\Shared\include\RakNet\gettimeofday.cpp">
      <Filter>Network\RakNet</Filter>
    </ClCompile>
  </ItemGroup>
  <ItemGroup>
    <ClInclude Include="stdafx.h" />
    <ClInclude Include="Network\CRakClient.h">
      <Filter>Network</Filter>
    </ClInclude>
    <ClInclude Include="Network\Network.h">
      <Filter>Network</Filter>
    </ClInclude>
    <ClInclude Include="Game\Hooks\Proxy\CD3D9DeviceProxy.h">
      <Filter>Game\Hooks\Proxy</Filter>
    </ClInclude>
    <ClInclude Include="Game\Hooks\Proxy\CD3D9Proxy.h">
      <Filter>Game\Hooks\Proxy</Filter>
    </ClInclude>
    <ClInclude Include="Game\Hooks\Proxy\CDInput8DeviceProxy.h">
      <Filter>Game\Hooks\Proxy</Filter>
    </ClInclude>
    <ClInclude Include="Game\Hooks\Proxy\CDInput8Proxy.h">
      <Filter>Game\Hooks\Proxy</Filter>
    </ClInclude>
    <ClInclude Include="Game\Hooks\CHooks.h">
      <Filter>Game\Hooks</Filter>
    </ClInclude>
    <ClInclude Include="Game\Hooks\Proxy\CMessageProxy.h">
      <Filter>Game\Hooks\Proxy</Filter>
    </ClInclude>
    <ClInclude Include="Utility\CLog.h">
      <Filter>Utility</Filter>
    </ClInclude>
    <ClInclude Include="Game\CHUD.h">
      <Filter>Game</Filter>
    </ClInclude>
    <ClInclude Include="Utility\CMem.h">
      <Filter>Utility</Filter>
    </ClInclude>
    <ClInclude Include="Game\CCmdlineParams.h">
      <Filter>Game</Filter>
    </ClInclude>
    <ClInclude Include="Game\CGame.h">
      <Filter>Game</Filter>
    </ClInclude>
    <ClInclude Include="Game\CGraphics.h">
      <Filter>Game</Filter>
    </ClInclude>
    <ClInclude Include="Utility\CPoint2D.h">
      <Filter>Utility</Filter>
    </ClInclude>
    <ClInclude Include="Network\CRPCCallback.h">
      <Filter>Network</Filter>
    </ClInclude>
    <ClInclude Include="Game\Hooks\Proxy\CJmpProxy.h">
      <Filter>Game\Hooks\Proxy</Filter>
    </ClInclude>
    <ClInclude Include="..\Shared\include\RakNet\CheckSum.h">
      <Filter>Network\RakNet</Filter>
    </ClInclude>
    <ClInclude Include="..\Shared\include\RakNet\DS_BPlusTree.h">
      <Filter>Network\RakNet</Filter>
    </ClInclude>
    <ClInclude Include="..\Shared\include\RakNet\DS_BinarySearchTree.h">
      <Filter>Network\RakNet</Filter>
    </ClInclude>
    <ClInclude Include="..\Shared\include\RakNet\GetTime.h">
      <Filter>Network\RakNet</Filter>
    </ClInclude>
    <ClInclude Include="..\Shared\include\RakNet\RPC4Plugin.h">
      <Filter>Network\RakNet</Filter>
    </ClInclude>
    <ClInclude Include="..\Shared\include\RakNet\Rackspace.h">
      <Filter>Network\RakNet</Filter>
    </ClInclude>
    <ClInclude Include="..\Shared\include\RakNet\RakMemoryOverride.h">
      <Filter>Network\RakNet</Filter>
    </ClInclude>
    <ClInclude Include="..\Shared\include\RakNet\RakNetSmartPtr.h">
      <Filter>Network\RakNet</Filter>
    </ClInclude>
    <ClInclude Include="..\Shared\include\RakNet\RakPeer.h">
      <Filter>Network\RakNet</Filter>
    </ClInclude>
    <ClInclude Include="..\Shared\include\RakNet\RakPeerInterface.h">
      <Filter>Network\RakNet</Filter>
    </ClInclude>
    <ClInclude Include="..\Shared\include\RakNet\RakString.h">
      <Filter>Network\RakNet</Filter>
    </ClInclude>
    <ClInclude Include="..\Shared\include\RakNet\SocketIncludes.h">
      <Filter>Network\RakNet</Filter>
    </ClInclude>
    <ClInclude Include="..\Shared\include\RakNet\TwoWayAuthentication.h">
      <Filter>Network\RakNet</Filter>
    </ClInclude>
  </ItemGroup>
  <ItemGroup>
    <Filter Include="Network">
      <UniqueIdentifier>{6adfbdb1-367e-4b7f-94a1-c92764b1a120}</UniqueIdentifier>
    </Filter>
    <Filter Include="Game">
      <UniqueIdentifier>{d0675d93-ff10-4b93-8145-711e11f141f7}</UniqueIdentifier>
    </Filter>
    <Filter Include="Game\Hooks">
      <UniqueIdentifier>{661779cc-32f0-457c-a50a-c3b941298095}</UniqueIdentifier>
    </Filter>
    <Filter Include="Game\Hooks\Proxy">
      <UniqueIdentifier>{cc169026-5e3d-4ddc-b3ab-669577b01284}</UniqueIdentifier>
    </Filter>
    <Filter Include="Utility">
      <UniqueIdentifier>{0ff66eab-6242-4530-b5bb-83e27c197c4a}</UniqueIdentifier>
    </Filter>
    <Filter Include="Network\RakNet">
      <UniqueIdentifier>{f501d7cd-f91a-4c43-b030-6d9550810bab}</UniqueIdentifier>
    </Filter>
  </ItemGroup>
</Project>