
Microsoft Visual Studio Solution File, Format Version 12.00
# Visual Studio 2013
VisualStudioVersion = 12.0.21005.1
MinimumVisualStudioVersion = 10.0.40219.1
Project("{8BC9CEB8-8B4A-11D0-8D11-00A0C91BC942}") = "Server", "Server\Server.vcxproj", "{EB9065C8-756C-48BC-BCB9-5519D9F1F75D}"
EndProject
Project("{8BC9CEB8-8B4A-11D0-8D11-00A0C91BC942}") = "Client", "Client\Client.vcxproj", "{14D55EBE-A874-4AEC-AA4E-8103DB779038}"
EndProject
Project("{8BC9CEB8-8B4A-11D0-8D11-00A0C91BC942}") = "Loader", "Loader\Loader.vcxproj", "{79766CA2-D75F-4F4F-836F-A576DD2B6890}"
EndProject
Global
	GlobalSection(SolutionConfigurationPlatforms) = preSolution
		Debug|Win32 = Debug|Win32
		Release|Win32 = Release|Win32
	EndGlobalSection
	GlobalSection(ProjectConfigurationPlatforms) = postSolution
		{EB9065C8-756C-48BC-BCB9-5519D9F1F75D}.Debug|Win32.ActiveCfg = Debug|Win32
		{EB9065C8-756C-48BC-BCB9-5519D9F1F75D}.Debug|Win32.Build.0 = Debug|Win32
		{EB9065C8-756C-48BC-BCB9-5519D9F1F75D}.Release|Win32.ActiveCfg = Release|Win32
		{EB9065C8-756C-48BC-BCB9-5519D9F1F75D}.Release|Win32.Build.0 = Release|Win32
		{14D55EBE-A874-4AEC-AA4E-8103DB779038}.Debug|Win32.ActiveCfg = Debug|Win32
		{14D55EBE-A874-4AEC-AA4E-8103DB779038}.Debug|Win32.Build.0 = Debug|Win32
		{14D55EBE-A874-4AEC-AA4E-8103DB779038}.Release|Win32.ActiveCfg = Release|Win32
		{14D55EBE-A874-4AEC-AA4E-8103DB779038}.Release|Win32.Build.0 = Release|Win32
		{79766CA2-D75F-4F4F-836F-A576DD2B6890}.Debug|Win32.ActiveCfg = Debug|Win32
		{79766CA2-D75F-4F4F-836F-A576DD2B6890}.Debug|Win32.Build.0 = Debug|Win32
		{79766CA2-D75F-4F4F-836F-A576DD2B6890}.Release|Win32.ActiveCfg = Release|Win32
		{79766CA2-D75F-4F4F-836F-A576DD2B6890}.Release|Win32.Build.0 = Release|Win32
	EndGlobalSection
	GlobalSection(SolutionProperties) = preSolution
		HideSolutionNode = FALSE
	EndGlobalSection
EndGlobal
