
Microsoft Visual Studio Solution File, Format Version 12.00
# Visual Studio 2013
VisualStudioVersion = 12.0.21005.1
MinimumVisualStudioVersion = 10.0.40219.1
Project("{8BC9CEB8-8B4A-11D0-8D11-00A0C91BC942}") = "Server", "Server\Server.vcxproj", "{EB9065C8-756C-48BC-BCB9-5519D9F1F75D}"
EndProject
Project("{8BC9CEB8-8B4A-11D0-8D11-00A0C91BC942}") = "Client", "Client\Client.vcxproj", "{14D55EBE-A874-4AEC-AA4E-8103DB779038}"
EndProject
Project("{FAE04EC0-301F-11D3-BF4B-00C04F79EFBC}") = "Browser", "Browser\Browser.csproj", "{8C68E69F-BF5E-44BF-85D8-4DD136B629BD}"
EndProject
Project("{2150E333-8FDC-42A3-9474-1A3956D46DE8}") = "Browser", "Browser", "{9CB7508A-3EEC-48AF-BCD6-637733EAC4A9}"
EndProject
Project("{2150E333-8FDC-42A3-9474-1A3956D46DE8}") = "Library", "Library", "{0B16065F-37C2-4E1E-AB36-43CCB63F261E}"
EndProject
Project("{FAE04EC0-301F-11D3-BF4B-00C04F79EFBC}") = "MetroFramework", "Browser\Library\MetroFramework\MetroFramework.csproj", "{BB41AC8B-CBED-4387-A7E0-4567EDB3F57F}"
EndProject
Project("{FAE04EC0-301F-11D3-BF4B-00C04F79EFBC}") = "MetroFramework.Design", "Browser\Library\MetroFramework.Design\MetroFramework.Design.csproj", "{7316584D-9A16-4280-A8AB-6D45198C6E4D}"
EndProject
Project("{FAE04EC0-301F-11D3-BF4B-00C04F79EFBC}") = "MetroFramework.Fonts", "Browser\Library\MetroFramework.Fonts\MetroFramework.Fonts.csproj", "{5A2FCAE8-C2FA-41BD-90EA-16103EA07B26}"
EndProject
Global
	GlobalSection(SolutionConfigurationPlatforms) = preSolution
		Debug|Any CPU = Debug|Any CPU
		Debug|Mixed Platforms = Debug|Mixed Platforms
		Debug|Win32 = Debug|Win32
		Release|Any CPU = Release|Any CPU
		Release|Mixed Platforms = Release|Mixed Platforms
		Release|Win32 = Release|Win32
	EndGlobalSection
	GlobalSection(ProjectConfigurationPlatforms) = postSolution
		{EB9065C8-756C-48BC-BCB9-5519D9F1F75D}.Debug|Any CPU.ActiveCfg = Debug|Win32
		{EB9065C8-756C-48BC-BCB9-5519D9F1F75D}.Debug|Mixed Platforms.ActiveCfg = Debug|Win32
		{EB9065C8-756C-48BC-BCB9-5519D9F1F75D}.Debug|Mixed Platforms.Build.0 = Debug|Win32
		{EB9065C8-756C-48BC-BCB9-5519D9F1F75D}.Debug|Win32.ActiveCfg = Debug|Win32
		{EB9065C8-756C-48BC-BCB9-5519D9F1F75D}.Debug|Win32.Build.0 = Debug|Win32
		{EB9065C8-756C-48BC-BCB9-5519D9F1F75D}.Release|Any CPU.ActiveCfg = Release|Win32
		{EB9065C8-756C-48BC-BCB9-5519D9F1F75D}.Release|Mixed Platforms.ActiveCfg = Release|Win32
		{EB9065C8-756C-48BC-BCB9-5519D9F1F75D}.Release|Mixed Platforms.Build.0 = Release|Win32
		{EB9065C8-756C-48BC-BCB9-5519D9F1F75D}.Release|Win32.ActiveCfg = Release|Win32
		{EB9065C8-756C-48BC-BCB9-5519D9F1F75D}.Release|Win32.Build.0 = Release|Win32
		{14D55EBE-A874-4AEC-AA4E-8103DB779038}.Debug|Any CPU.ActiveCfg = Debug|Win32
		{14D55EBE-A874-4AEC-AA4E-8103DB779038}.Debug|Mixed Platforms.ActiveCfg = Debug|Win32
		{14D55EBE-A874-4AEC-AA4E-8103DB779038}.Debug|Mixed Platforms.Build.0 = Debug|Win32
		{14D55EBE-A874-4AEC-AA4E-8103DB779038}.Debug|Win32.ActiveCfg = Debug|Win32
		{14D55EBE-A874-4AEC-AA4E-8103DB779038}.Debug|Win32.Build.0 = Debug|Win32
		{14D55EBE-A874-4AEC-AA4E-8103DB779038}.Release|Any CPU.ActiveCfg = Release|Win32
		{14D55EBE-A874-4AEC-AA4E-8103DB779038}.Release|Mixed Platforms.ActiveCfg = Release|Win32
		{14D55EBE-A874-4AEC-AA4E-8103DB779038}.Release|Mixed Platforms.Build.0 = Release|Win32
		{14D55EBE-A874-4AEC-AA4E-8103DB779038}.Release|Win32.ActiveCfg = Release|Win32
		{14D55EBE-A874-4AEC-AA4E-8103DB779038}.Release|Win32.Build.0 = Release|Win32
		{8C68E69F-BF5E-44BF-85D8-4DD136B629BD}.Debug|Any CPU.ActiveCfg = Debug|Any CPU
		{8C68E69F-BF5E-44BF-85D8-4DD136B629BD}.Debug|Any CPU.Build.0 = Debug|Any CPU
		{8C68E69F-BF5E-44BF-85D8-4DD136B629BD}.Debug|Mixed Platforms.ActiveCfg = Debug|Any CPU
		{8C68E69F-BF5E-44BF-85D8-4DD136B629BD}.Debug|Mixed Platforms.Build.0 = Debug|Any CPU
		{8C68E69F-BF5E-44BF-85D8-4DD136B629BD}.Debug|Win32.ActiveCfg = Debug|Any CPU
		{8C68E69F-BF5E-44BF-85D8-4DD136B629BD}.Release|Any CPU.ActiveCfg = Release|Any CPU
		{8C68E69F-BF5E-44BF-85D8-4DD136B629BD}.Release|Any CPU.Build.0 = Release|Any CPU
		{8C68E69F-BF5E-44BF-85D8-4DD136B629BD}.Release|Mixed Platforms.ActiveCfg = Release|Any CPU
		{8C68E69F-BF5E-44BF-85D8-4DD136B629BD}.Release|Mixed Platforms.Build.0 = Release|Any CPU
		{8C68E69F-BF5E-44BF-85D8-4DD136B629BD}.Release|Win32.ActiveCfg = Release|Any CPU
		{8C68E69F-BF5E-44BF-85D8-4DD136B629BD}.Release|Win32.Build.0 = Release|Any CPU
		{BB41AC8B-CBED-4387-A7E0-4567EDB3F57F}.Debug|Any CPU.ActiveCfg = Debug|Any CPU
		{BB41AC8B-CBED-4387-A7E0-4567EDB3F57F}.Debug|Any CPU.Build.0 = Debug|Any CPU
		{BB41AC8B-CBED-4387-A7E0-4567EDB3F57F}.Debug|Mixed Platforms.ActiveCfg = Debug|Any CPU
		{BB41AC8B-CBED-4387-A7E0-4567EDB3F57F}.Debug|Mixed Platforms.Build.0 = Debug|Any CPU
		{BB41AC8B-CBED-4387-A7E0-4567EDB3F57F}.Debug|Win32.ActiveCfg = Debug|Any CPU
		{BB41AC8B-CBED-4387-A7E0-4567EDB3F57F}.Release|Any CPU.ActiveCfg = Release|Any CPU
		{BB41AC8B-CBED-4387-A7E0-4567EDB3F57F}.Release|Any CPU.Build.0 = Release|Any CPU
		{BB41AC8B-CBED-4387-A7E0-4567EDB3F57F}.Release|Mixed Platforms.ActiveCfg = Release|Any CPU
		{BB41AC8B-CBED-4387-A7E0-4567EDB3F57F}.Release|Mixed Platforms.Build.0 = Release|Any CPU
		{BB41AC8B-CBED-4387-A7E0-4567EDB3F57F}.Release|Win32.ActiveCfg = Release|Any CPU
		{BB41AC8B-CBED-4387-A7E0-4567EDB3F57F}.Release|Win32.Build.0 = Release|Any CPU
		{7316584D-9A16-4280-A8AB-6D45198C6E4D}.Debug|Any CPU.ActiveCfg = Debug|Any CPU
		{7316584D-9A16-4280-A8AB-6D45198C6E4D}.Debug|Any CPU.Build.0 = Debug|Any CPU
		{7316584D-9A16-4280-A8AB-6D45198C6E4D}.Debug|Mixed Platforms.ActiveCfg = Debug|Any CPU
		{7316584D-9A16-4280-A8AB-6D45198C6E4D}.Debug|Mixed Platforms.Build.0 = Debug|Any CPU
		{7316584D-9A16-4280-A8AB-6D45198C6E4D}.Debug|Win32.ActiveCfg = Debug|Any CPU
		{7316584D-9A16-4280-A8AB-6D45198C6E4D}.Release|Any CPU.ActiveCfg = Release|Any CPU
		{7316584D-9A16-4280-A8AB-6D45198C6E4D}.Release|Any CPU.Build.0 = Release|Any CPU
		{7316584D-9A16-4280-A8AB-6D45198C6E4D}.Release|Mixed Platforms.ActiveCfg = Release|Any CPU
		{7316584D-9A16-4280-A8AB-6D45198C6E4D}.Release|Mixed Platforms.Build.0 = Release|Any CPU
		{7316584D-9A16-4280-A8AB-6D45198C6E4D}.Release|Win32.ActiveCfg = Release|Any CPU
		{7316584D-9A16-4280-A8AB-6D45198C6E4D}.Release|Win32.Build.0 = Release|Any CPU
		{5A2FCAE8-C2FA-41BD-90EA-16103EA07B26}.Debug|Any CPU.ActiveCfg = Debug|Any CPU
		{5A2FCAE8-C2FA-41BD-90EA-16103EA07B26}.Debug|Any CPU.Build.0 = Debug|Any CPU
		{5A2FCAE8-C2FA-41BD-90EA-16103EA07B26}.Debug|Mixed Platforms.ActiveCfg = Debug|Any CPU
		{5A2FCAE8-C2FA-41BD-90EA-16103EA07B26}.Debug|Mixed Platforms.Build.0 = Debug|Any CPU
		{5A2FCAE8-C2FA-41BD-90EA-16103EA07B26}.Debug|Win32.ActiveCfg = Debug|Any CPU
		{5A2FCAE8-C2FA-41BD-90EA-16103EA07B26}.Release|Any CPU.ActiveCfg = Release|Any CPU
		{5A2FCAE8-C2FA-41BD-90EA-16103EA07B26}.Release|Any CPU.Build.0 = Release|Any CPU
		{5A2FCAE8-C2FA-41BD-90EA-16103EA07B26}.Release|Mixed Platforms.ActiveCfg = Release|Any CPU
		{5A2FCAE8-C2FA-41BD-90EA-16103EA07B26}.Release|Mixed Platforms.Build.0 = Release|Any CPU
		{5A2FCAE8-C2FA-41BD-90EA-16103EA07B26}.Release|Win32.ActiveCfg = Release|Any CPU
		{5A2FCAE8-C2FA-41BD-90EA-16103EA07B26}.Release|Win32.Build.0 = Release|Any CPU
	EndGlobalSection
	GlobalSection(SolutionProperties) = preSolution
		HideSolutionNode = FALSE
	EndGlobalSection
	GlobalSection(NestedProjects) = preSolution
		{8C68E69F-BF5E-44BF-85D8-4DD136B629BD} = {9CB7508A-3EEC-48AF-BCD6-637733EAC4A9}
		{0B16065F-37C2-4E1E-AB36-43CCB63F261E} = {9CB7508A-3EEC-48AF-BCD6-637733EAC4A9}
		{BB41AC8B-CBED-4387-A7E0-4567EDB3F57F} = {0B16065F-37C2-4E1E-AB36-43CCB63F261E}
		{7316584D-9A16-4280-A8AB-6D45198C6E4D} = {0B16065F-37C2-4E1E-AB36-43CCB63F261E}
		{5A2FCAE8-C2FA-41BD-90EA-16103EA07B26} = {0B16065F-37C2-4E1E-AB36-43CCB63F261E}
	EndGlobalSection
EndGlobal
