<?xml version="1.0" encoding="utf-8"?>
<Project ToolsVersion="4.0" xmlns="http://schemas.microsoft.com/developer/msbuild/2003">
  <ItemGroup>
    <ClCompile Include="src\Callback.cpp">
      <Filter>Sources</Filter>
    </ClCompile>
    <ClCompile Include="src\Main.cpp">
      <Filter>Sources</Filter>
    </ClCompile>
    <ClCompile Include="src\Player.cpp">
      <Filter>Sources</Filter>
    </ClCompile>
    <ClCompile Include="src\Server.cpp">
      <Filter>Sources</Filter>
    </ClCompile>
    <ClCompile Include="src\ServerConfig.cpp">
      <Filter>Sources</Filter>
    </ClCompile>
    <ClCompile Include="src\Utility.cpp">
      <Filter>Sources</Filter>
    </ClCompile>
    <ClCompile Include="src\Network\ClientSocketInfo.cpp">
      <Filter>Sources</Filter>
    </ClCompile>
    <ClCompile Include="src\Network\Network.cpp">
      <Filter>Sources</Filter>
    </ClCompile>
    <ClCompile Include="src\Network\RakServer.cpp">
      <Filter>Sources</Filter>
    </ClCompile>
    <ClCompile Include="src\Network\RPCCallback.cpp">
      <Filter>Sources</Filter>
    </ClCompile>
    <ClCompile Include="src\Network\RPC.cpp">
      <Filter>Sources</Filter>
    </ClCompile>
    <ClCompile Include="src\SDK\amxplugin.cpp">
      <Filter>Sources</Filter>
    </ClCompile>
  </ItemGroup>
  <ItemGroup>
    <ClInclude Include="src\Callback.h">
      <Filter>Headers</Filter>
    </ClInclude>
    <ClInclude Include="src\Main.h">
      <Filter>Headers</Filter>
    </ClInclude>
    <ClInclude Include="src\Player.h">
      <Filter>Headers</Filter>
    </ClInclude>
    <ClInclude Include="src\Server.h">
      <Filter>Headers</Filter>
    </ClInclude>
    <ClInclude Include="src\ServerConfig.h">
      <Filter>Headers</Filter>
    </ClInclude>
    <ClInclude Include="src\Utility.h">
      <Filter>Headers</Filter>
    </ClInclude>
    <ClInclude Include="src\Network\ClientSocketInfo.h">
      <Filter>Headers</Filter>
    </ClInclude>
    <ClInclude Include="src\Network\Network.h">
      <Filter>Headers</Filter>
    </ClInclude>
    <ClInclude Include="src\Network\RakServer.h">
      <Filter>Headers</Filter>
    </ClInclude>
    <ClInclude Include="src\Network\RPCCallback.h">
      <Filter>Headers</Filter>
    </ClInclude>
    <ClInclude Include="src\SDK\amx\amx.h">
      <Filter>Headers</Filter>
    </ClInclude>
    <ClInclude Include="src\SDK\amx\sclinux.h">
      <Filter>Headers</Filter>
    </ClInclude>
    <ClInclude Include="src\SDK\plugincommon.h">
      <Filter>Headers</Filter>
    </ClInclude>
  </ItemGroup>
  <ItemGroup>
    <Filter Include="Headers">
      <UniqueIdentifier>{1116a258-3367-4905-b337-dae30ca63950}</UniqueIdentifier>
    </Filter>
    <Filter Include="Sources">
      <UniqueIdentifier>{ac32ec74-87a4-47c6-a606-a79fe6263773}</UniqueIdentifier>
    </Filter>
    <Filter Include="Other">
      <UniqueIdentifier>{44ca0eb4-289b-4a6f-8cd8-5e52a17af118}</UniqueIdentifier>
    </Filter>
  </ItemGroup>
  <ItemGroup>
    <None Include="plugin.def">
      <Filter>Other</Filter>
    </None>
  </ItemGroup>
</Project>