<?xml version="1.0" encoding="utf-8"?>
<Project ToolsVersion="4.0" xmlns="http://schemas.microsoft.com/developer/msbuild/2003">
  <ItemGroup>
    <ClCompile Include="src\Callback.cpp">
      <Filter>Sources</Filter>
    </ClCompile>
    <ClCompile Include="src\Main.cpp">
      <Filter>Sources</Filter>
    </ClCompile>
    <ClCompile Include="src\Player.cpp">
      <Filter>Sources</Filter>
    </ClCompile>
    <ClCompile Include="src\Server.cpp">
      <Filter>Sources</Filter>
    </ClCompile>
    <ClCompile Include="src\ServerConfig.cpp">
      <Filter>Sources</Filter>
    </ClCompile>
    <ClCompile Include="src\Utility.cpp">
      <Filter>Sources</Filter>
    </ClCompile>
    <ClCompile Include="src\Network\ClientSocketInfo.cpp">
      <Filter>Sources</Filter>
    </ClCompile>
    <ClCompile Include="src\Network\Network.cpp">
      <Filter>Sources</Filter>
    </ClCompile>
    <ClCompile Include="src\Network\RakServer.cpp">
      <Filter>Sources</Filter>
    </ClCompile>
    <ClCompile Include="src\Network\RPCCallback.cpp">
      <Filter>Sources</Filter>
    </ClCompile>
    <ClCompile Include="src\Network\RPC.cpp">
      <Filter>Sources</Filter>
    </ClCompile>
    <ClCompile Include="src\SDK\amxplugin.cpp">
      <Filter>Sources</Filter>
    </ClCompile>
    <ClCompile Include="src\RakNet\_FindFirst.cpp">
      <Filter>RakNet</Filter>
    </ClCompile>
    <ClCompile Include="src\RakNet\Base64Encoder.cpp">
      <Filter>RakNet</Filter>
    </ClCompile>
    <ClCompile Include="src\RakNet\BitStream.cpp">
      <Filter>RakNet</Filter>
    </ClCompile>
    <ClCompile Include="src\RakNet\CCRakNetSlidingWindow.cpp">
      <Filter>RakNet</Filter>
    </ClCompile>
    <ClCompile Include="src\RakNet\CCRakNetUDT.cpp">
      <Filter>RakNet</Filter>
    </ClCompile>
    <ClCompile Include="src\RakNet\CheckSum.cpp">
      <Filter>RakNet</Filter>
    </ClCompile>
    <ClCompile Include="src\RakNet\CloudClient.cpp">
      <Filter>RakNet</Filter>
    </ClCompile>
    <ClCompile Include="src\RakNet\CloudCommon.cpp">
      <Filter>RakNet</Filter>
    </ClCompile>
    <ClCompile Include="src\RakNet\CloudServer.cpp">
      <Filter>RakNet</Filter>
    </ClCompile>
    <ClCompile Include="src\RakNet\CommandParserInterface.cpp">
      <Filter>RakNet</Filter>
    </ClCompile>
    <ClCompile Include="src\RakNet\ConnectionGraph2.cpp">
      <Filter>RakNet</Filter>
    </ClCompile>
    <ClCompile Include="src\RakNet\ConsoleServer.cpp">
      <Filter>RakNet</Filter>
    </ClCompile>
    <ClCompile Include="src\RakNet\DataCompressor.cpp">
      <Filter>RakNet</Filter>
    </ClCompile>
    <ClCompile Include="src\RakNet\DirectoryDeltaTransfer.cpp">
      <Filter>RakNet</Filter>
    </ClCompile>
    <ClCompile Include="src\RakNet\DR_SHA1.cpp">
      <Filter>RakNet</Filter>
    </ClCompile>
    <ClCompile Include="src\RakNet\DS_BytePool.cpp">
      <Filter>RakNet</Filter>
    </ClCompile>
    <ClCompile Include="src\RakNet\DS_ByteQueue.cpp">
      <Filter>RakNet</Filter>
    </ClCompile>
    <ClCompile Include="src\RakNet\DS_HuffmanEncodingTree.cpp">
      <Filter>RakNet</Filter>
    </ClCompile>
    <ClCompile Include="src\RakNet\DS_Table.cpp">
      <Filter>RakNet</Filter>
    </ClCompile>
    <ClCompile Include="src\RakNet\DynDNS.cpp">
      <Filter>RakNet</Filter>
    </ClCompile>
    <ClCompile Include="src\RakNet\EmailSender.cpp">
      <Filter>RakNet</Filter>
    </ClCompile>
    <ClCompile Include="src\RakNet\EpochTimeToString.cpp">
      <Filter>RakNet</Filter>
    </ClCompile>
    <ClCompile Include="src\RakNet\FileList.cpp">
      <Filter>RakNet</Filter>
    </ClCompile>
    <ClCompile Include="src\RakNet\FileListTransfer.cpp">
      <Filter>RakNet</Filter>
    </ClCompile>
    <ClCompile Include="src\RakNet\FileOperations.cpp">
      <Filter>RakNet</Filter>
    </ClCompile>
    <ClCompile Include="src\RakNet\FormatString.cpp">
      <Filter>RakNet</Filter>
    </ClCompile>
    <ClCompile Include="src\RakNet\FullyConnectedMesh2.cpp">
      <Filter>RakNet</Filter>
    </ClCompile>
    <ClCompile Include="src\RakNet\Getche.cpp">
      <Filter>RakNet</Filter>
    </ClCompile>
    <ClCompile Include="src\RakNet\Gets.cpp">
      <Filter>RakNet</Filter>
    </ClCompile>
    <ClCompile Include="src\RakNet\GetTime.cpp">
      <Filter>RakNet</Filter>
    </ClCompile>
    <ClCompile Include="src\RakNet\gettimeofday.cpp">
      <Filter>RakNet</Filter>
    </ClCompile>
    <ClCompile Include="src\RakNet\GridSectorizer.cpp">
      <Filter>RakNet</Filter>
    </ClCompile>
    <ClCompile Include="src\RakNet\HTTPConnection.cpp">
      <Filter>RakNet</Filter>
    </ClCompile>
    <ClCompile Include="src\RakNet\HTTPConnection2.cpp">
      <Filter>RakNet</Filter>
    </ClCompile>
    <ClCompile Include="src\RakNet\IncrementalReadInterface.cpp">
      <Filter>RakNet</Filter>
    </ClCompile>
    <ClCompile Include="src\RakNet\Itoa.cpp">
      <Filter>RakNet</Filter>
    </ClCompile>
    <ClCompile Include="src\RakNet\LinuxStrings.cpp">
      <Filter>RakNet</Filter>
    </ClCompile>
    <ClCompile Include="src\RakNet\LocklessTypes.cpp">
      <Filter>RakNet</Filter>
    </ClCompile>
    <ClCompile Include="src\RakNet\LogCommandParser.cpp">
      <Filter>RakNet</Filter>
    </ClCompile>
    <ClCompile Include="src\RakNet\MessageFilter.cpp">
      <Filter>RakNet</Filter>
    </ClCompile>
    <ClCompile Include="src\RakNet\NatPunchthroughClient.cpp">
      <Filter>RakNet</Filter>
    </ClCompile>
    <ClCompile Include="src\RakNet\NatPunchthroughServer.cpp">
      <Filter>RakNet</Filter>
    </ClCompile>
    <ClCompile Include="src\RakNet\NatTypeDetectionClient.cpp">
      <Filter>RakNet</Filter>
    </ClCompile>
    <ClCompile Include="src\RakNet\NatTypeDetectionCommon.cpp">
      <Filter>RakNet</Filter>
    </ClCompile>
    <ClCompile Include="src\RakNet\NatTypeDetectionServer.cpp">
      <Filter>RakNet</Filter>
    </ClCompile>
    <ClCompile Include="src\RakNet\NetworkIDManager.cpp">
      <Filter>RakNet</Filter>
    </ClCompile>
    <ClCompile Include="src\RakNet\NetworkIDObject.cpp">
      <Filter>RakNet</Filter>
    </ClCompile>
    <ClCompile Include="src\RakNet\PacketConsoleLogger.cpp">
      <Filter>RakNet</Filter>
    </ClCompile>
    <ClCompile Include="src\RakNet\PacketFileLogger.cpp">
      <Filter>RakNet</Filter>
    </ClCompile>
    <ClCompile Include="src\RakNet\PacketizedTCP.cpp">
      <Filter>RakNet</Filter>
    </ClCompile>
    <ClCompile Include="src\RakNet\PacketLogger.cpp">
      <Filter>RakNet</Filter>
    </ClCompile>
    <ClCompile Include="src\RakNet\PacketOutputWindowLogger.cpp">
      <Filter>RakNet</Filter>
    </ClCompile>
    <ClCompile Include="src\RakNet\PluginInterface2.cpp">
      <Filter>RakNet</Filter>
    </ClCompile>
    <ClCompile Include="src\RakNet\PS4Includes.cpp">
      <Filter>RakNet</Filter>
    </ClCompile>
    <ClCompile Include="src\RakNet\Rackspace.cpp">
      <Filter>RakNet</Filter>
    </ClCompile>
    <ClCompile Include="src\RakNet\RakMemoryOverride.cpp">
      <Filter>RakNet</Filter>
    </ClCompile>
    <ClCompile Include="src\RakNet\RakNetCommandParser.cpp">
      <Filter>RakNet</Filter>
    </ClCompile>
    <ClCompile Include="src\RakNet\RakNetSocket.cpp">
      <Filter>RakNet</Filter>
    </ClCompile>
    <ClCompile Include="src\RakNet\RakNetSocket2.cpp">
      <Filter>RakNet</Filter>
    </ClCompile>
    <ClCompile Include="src\RakNet\RakNetSocket2_360_720.cpp">
      <Filter>RakNet</Filter>
    </ClCompile>
    <ClCompile Include="src\RakNet\RakNetSocket2_Berkley.cpp">
      <Filter>RakNet</Filter>
    </ClCompile>
    <ClCompile Include="src\RakNet\RakNetSocket2_Berkley_NativeClient.cpp">
      <Filter>RakNet</Filter>
    </ClCompile>
    <ClCompile Include="src\RakNet\RakNetSocket2_NativeClient.cpp">
      <Filter>RakNet</Filter>
    </ClCompile>
    <ClCompile Include="src\RakNet\RakNetSocket2_PS3_PS4.cpp">
      <Filter>RakNet</Filter>
    </ClCompile>
    <ClCompile Include="src\RakNet\RakNetSocket2_PS4.cpp">
      <Filter>RakNet</Filter>
    </ClCompile>
    <ClCompile Include="src\RakNet\RakNetSocket2_Vita.cpp">
      <Filter>RakNet</Filter>
    </ClCompile>
    <ClCompile Include="src\RakNet\RakNetSocket2_Windows_Linux.cpp">
      <Filter>RakNet</Filter>
    </ClCompile>
    <ClCompile Include="src\RakNet\RakNetSocket2_Windows_Linux_360.cpp">
      <Filter>RakNet</Filter>
    </ClCompile>
    <ClCompile Include="src\RakNet\RakNetSocket2_WindowsStore8.cpp">
      <Filter>RakNet</Filter>
    </ClCompile>
    <ClCompile Include="src\RakNet\RakNetStatistics.cpp">
      <Filter>RakNet</Filter>
    </ClCompile>
    <ClCompile Include="src\RakNet\RakNetTransport2.cpp">
      <Filter>RakNet</Filter>
    </ClCompile>
    <ClCompile Include="src\RakNet\RakNetTypes.cpp">
      <Filter>RakNet</Filter>
    </ClCompile>
    <ClCompile Include="src\RakNet\RakPeer.cpp">
      <Filter>RakNet</Filter>
    </ClCompile>
    <ClCompile Include="src\RakNet\RakSleep.cpp">
      <Filter>RakNet</Filter>
    </ClCompile>
    <ClCompile Include="src\RakNet\RakString.cpp">
      <Filter>RakNet</Filter>
    </ClCompile>
    <ClCompile Include="src\RakNet\RakThread.cpp">
      <Filter>RakNet</Filter>
    </ClCompile>
    <ClCompile Include="src\RakNet\RakWString.cpp">
      <Filter>RakNet</Filter>
    </ClCompile>
    <ClCompile Include="src\RakNet\Rand.cpp">
      <Filter>RakNet</Filter>
    </ClCompile>
    <ClCompile Include="src\RakNet\RandSync.cpp">
      <Filter>RakNet</Filter>
    </ClCompile>
    <ClCompile Include="src\RakNet\ReadyEvent.cpp">
      <Filter>RakNet</Filter>
    </ClCompile>
    <ClCompile Include="src\RakNet\RelayPlugin.cpp">
      <Filter>RakNet</Filter>
    </ClCompile>
    <ClCompile Include="src\RakNet\ReliabilityLayer.cpp">
      <Filter>RakNet</Filter>
    </ClCompile>
    <ClCompile Include="src\RakNet\ReplicaManager3.cpp">
      <Filter>RakNet</Filter>
    </ClCompile>
    <ClCompile Include="src\RakNet\Router2.cpp">
      <Filter>RakNet</Filter>
    </ClCompile>
    <ClCompile Include="src\RakNet\RPC4Plugin.cpp">
      <Filter>RakNet</Filter>
    </ClCompile>
    <ClCompile Include="src\RakNet\SecureHandshake.cpp">
      <Filter>RakNet</Filter>
    </ClCompile>
    <ClCompile Include="src\RakNet\SendToThread.cpp">
      <Filter>RakNet</Filter>
    </ClCompile>
    <ClCompile Include="src\RakNet\SignaledEvent.cpp">
      <Filter>RakNet</Filter>
    </ClCompile>
    <ClCompile Include="src\RakNet\SimpleMutex.cpp">
      <Filter>RakNet</Filter>
    </ClCompile>
    <ClCompile Include="src\RakNet\SocketLayer.cpp">
      <Filter>RakNet</Filter>
    </ClCompile>
    <ClCompile Include="src\RakNet\StatisticsHistory.cpp">
      <Filter>RakNet</Filter>
    </ClCompile>
    <ClCompile Include="src\RakNet\StringCompressor.cpp">
      <Filter>RakNet</Filter>
    </ClCompile>
    <ClCompile Include="src\RakNet\StringTable.cpp">
      <Filter>RakNet</Filter>
    </ClCompile>
    <ClCompile Include="src\RakNet\SuperFastHash.cpp">
      <Filter>RakNet</Filter>
    </ClCompile>
    <ClCompile Include="src\RakNet\TableSerializer.cpp">
      <Filter>RakNet</Filter>
    </ClCompile>
    <ClCompile Include="src\RakNet\TCPInterface.cpp">
      <Filter>RakNet</Filter>
    </ClCompile>
    <ClCompile Include="src\RakNet\TeamBalancer.cpp">
      <Filter>RakNet</Filter>
    </ClCompile>
    <ClCompile Include="src\RakNet\TeamManager.cpp">
      <Filter>RakNet</Filter>
    </ClCompile>
    <ClCompile Include="src\RakNet\TelnetTransport.cpp">
      <Filter>RakNet</Filter>
    </ClCompile>
    <ClCompile Include="src\RakNet\ThreadsafePacketLogger.cpp">
      <Filter>RakNet</Filter>
    </ClCompile>
    <ClCompile Include="src\RakNet\TwoWayAuthentication.cpp">
      <Filter>RakNet</Filter>
    </ClCompile>
    <ClCompile Include="src\RakNet\UDPForwarder.cpp">
      <Filter>RakNet</Filter>
    </ClCompile>
    <ClCompile Include="src\RakNet\UDPProxyClient.cpp">
      <Filter>RakNet</Filter>
    </ClCompile>
    <ClCompile Include="src\RakNet\UDPProxyCoordinator.cpp">
      <Filter>RakNet</Filter>
    </ClCompile>
    <ClCompile Include="src\RakNet\UDPProxyServer.cpp">
      <Filter>RakNet</Filter>
    </ClCompile>
    <ClCompile Include="src\RakNet\VariableDeltaSerializer.cpp">
      <Filter>RakNet</Filter>
    </ClCompile>
    <ClCompile Include="src\RakNet\VariableListDeltaTracker.cpp">
      <Filter>RakNet</Filter>
    </ClCompile>
    <ClCompile Include="src\RakNet\VariadicSQLParser.cpp">
      <Filter>RakNet</Filter>
    </ClCompile>
    <ClCompile Include="src\RakNet\VitaIncludes.cpp">
      <Filter>RakNet</Filter>
    </ClCompile>
    <ClCompile Include="src\RakNet\WSAStartupSingleton.cpp">
      <Filter>RakNet</Filter>
    </ClCompile>
  </ItemGroup>
  <ItemGroup>
    <ClInclude Include="src\Callback.h">
      <Filter>Headers</Filter>
    </ClInclude>
    <ClInclude Include="src\Main.h">
      <Filter>Headers</Filter>
    </ClInclude>
    <ClInclude Include="src\Player.h">
      <Filter>Headers</Filter>
    </ClInclude>
    <ClInclude Include="src\Server.h">
      <Filter>Headers</Filter>
    </ClInclude>
    <ClInclude Include="src\ServerConfig.h">
      <Filter>Headers</Filter>
    </ClInclude>
    <ClInclude Include="src\Utility.h">
      <Filter>Headers</Filter>
    </ClInclude>
    <ClInclude Include="src\Network\ClientSocketInfo.h">
      <Filter>Headers</Filter>
    </ClInclude>
    <ClInclude Include="src\Network\Network.h">
      <Filter>Headers</Filter>
    </ClInclude>
    <ClInclude Include="src\Network\RakServer.h">
      <Filter>Headers</Filter>
    </ClInclude>
    <ClInclude Include="src\Network\RPCCallback.h">
      <Filter>Headers</Filter>
    </ClInclude>
    <ClInclude Include="src\SDK\amx\amx.h">
      <Filter>Headers</Filter>
    </ClInclude>
    <ClInclude Include="src\SDK\amx\sclinux.h">
      <Filter>Headers</Filter>
    </ClInclude>
    <ClInclude Include="src\SDK\plugincommon.h">
      <Filter>Headers</Filter>
    </ClInclude>
    <ClInclude Include="src\RakNet\_FindFirst.h">
      <Filter>RakNet</Filter>
    </ClInclude>
    <ClInclude Include="src\RakNet\AutopatcherPatchContext.h">
      <Filter>RakNet</Filter>
    </ClInclude>
    <ClInclude Include="src\RakNet\AutopatcherRepositoryInterface.h">
      <Filter>RakNet</Filter>
    </ClInclude>
    <ClInclude Include="src\RakNet\Base64Encoder.h">
      <Filter>RakNet</Filter>
    </ClInclude>
    <ClInclude Include="src\RakNet\BitStream.h">
      <Filter>RakNet</Filter>
    </ClInclude>
    <ClInclude Include="src\RakNet\CCRakNetSlidingWindow.h">
      <Filter>RakNet</Filter>
    </ClInclude>
    <ClInclude Include="src\RakNet\CCRakNetUDT.h">
      <Filter>RakNet</Filter>
    </ClInclude>
    <ClInclude Include="src\RakNet\CheckSum.h">
      <Filter>RakNet</Filter>
    </ClInclude>
    <ClInclude Include="src\RakNet\CloudClient.h">
      <Filter>RakNet</Filter>
    </ClInclude>
    <ClInclude Include="src\RakNet\CloudCommon.h">
      <Filter>RakNet</Filter>
    </ClInclude>
    <ClInclude Include="src\RakNet\CloudServer.h">
      <Filter>RakNet</Filter>
    </ClInclude>
    <ClInclude Include="src\RakNet\CommandParserInterface.h">
      <Filter>RakNet</Filter>
    </ClInclude>
    <ClInclude Include="src\RakNet\ConnectionGraph2.h">
      <Filter>RakNet</Filter>
    </ClInclude>
    <ClInclude Include="src\RakNet\ConsoleServer.h">
      <Filter>RakNet</Filter>
    </ClInclude>
    <ClInclude Include="src\RakNet\DataCompressor.h">
      <Filter>RakNet</Filter>
    </ClInclude>
    <ClInclude Include="src\RakNet\DirectoryDeltaTransfer.h">
      <Filter>RakNet</Filter>
    </ClInclude>
    <ClInclude Include="src\RakNet\DR_SHA1.h">
      <Filter>RakNet</Filter>
    </ClInclude>
    <ClInclude Include="src\RakNet\DS_BinarySearchTree.h">
      <Filter>RakNet</Filter>
    </ClInclude>
    <ClInclude Include="src\RakNet\DS_BPlusTree.h">
      <Filter>RakNet</Filter>
    </ClInclude>
    <ClInclude Include="src\RakNet\DS_BytePool.h">
      <Filter>RakNet</Filter>
    </ClInclude>
    <ClInclude Include="src\RakNet\DS_ByteQueue.h">
      <Filter>RakNet</Filter>
    </ClInclude>
    <ClInclude Include="src\RakNet\DS_Hash.h">
      <Filter>RakNet</Filter>
    </ClInclude>
    <ClInclude Include="src\RakNet\DS_Heap.h">
      <Filter>RakNet</Filter>
    </ClInclude>
    <ClInclude Include="src\RakNet\DS_HuffmanEncodingTree.h">
      <Filter>RakNet</Filter>
    </ClInclude>
    <ClInclude Include="src\RakNet\DS_HuffmanEncodingTreeFactory.h">
      <Filter>RakNet</Filter>
    </ClInclude>
    <ClInclude Include="src\RakNet\DS_HuffmanEncodingTreeNode.h">
      <Filter>RakNet</Filter>
    </ClInclude>
    <ClInclude Include="src\RakNet\DS_LinkedList.h">
      <Filter>RakNet</Filter>
    </ClInclude>
    <ClInclude Include="src\RakNet\DS_List.h">
      <Filter>RakNet</Filter>
    </ClInclude>
    <ClInclude Include="src\RakNet\DS_Map.h">
      <Filter>RakNet</Filter>
    </ClInclude>
    <ClInclude Include="src\RakNet\DS_MemoryPool.h">
      <Filter>RakNet</Filter>
    </ClInclude>
    <ClInclude Include="src\RakNet\DS_Multilist.h">
      <Filter>RakNet</Filter>
    </ClInclude>
    <ClInclude Include="src\RakNet\DS_OrderedChannelHeap.h">
      <Filter>RakNet</Filter>
    </ClInclude>
    <ClInclude Include="src\RakNet\DS_OrderedList.h">
      <Filter>RakNet</Filter>
    </ClInclude>
    <ClInclude Include="src\RakNet\DS_Queue.h">
      <Filter>RakNet</Filter>
    </ClInclude>
    <ClInclude Include="src\RakNet\DS_QueueLinkedList.h">
      <Filter>RakNet</Filter>
    </ClInclude>
    <ClInclude Include="src\RakNet\DS_RangeList.h">
      <Filter>RakNet</Filter>
    </ClInclude>
    <ClInclude Include="src\RakNet\DS_Table.h">
      <Filter>RakNet</Filter>
    </ClInclude>
    <ClInclude Include="src\RakNet\DS_ThreadsafeAllocatingQueue.h">
      <Filter>RakNet</Filter>
    </ClInclude>
    <ClInclude Include="src\RakNet\DS_Tree.h">
      <Filter>RakNet</Filter>
    </ClInclude>
    <ClInclude Include="src\RakNet\DS_WeightedGraph.h">
      <Filter>RakNet</Filter>
    </ClInclude>
    <ClInclude Include="src\RakNet\DynDNS.h">
      <Filter>RakNet</Filter>
    </ClInclude>
    <ClInclude Include="src\RakNet\EmailSender.h">
      <Filter>RakNet</Filter>
    </ClInclude>
    <ClInclude Include="src\RakNet\EmptyHeader.h">
      <Filter>RakNet</Filter>
    </ClInclude>
    <ClInclude Include="src\RakNet\EpochTimeToString.h">
      <Filter>RakNet</Filter>
    </ClInclude>
    <ClInclude Include="src\RakNet\Export.h">
      <Filter>RakNet</Filter>
    </ClInclude>
    <ClInclude Include="src\RakNet\FileList.h">
      <Filter>RakNet</Filter>
    </ClInclude>
    <ClInclude Include="src\RakNet\FileListNodeContext.h">
      <Filter>RakNet</Filter>
    </ClInclude>
    <ClInclude Include="src\RakNet\FileListTransfer.h">
      <Filter>RakNet</Filter>
    </ClInclude>
    <ClInclude Include="src\RakNet\FileListTransferCBInterface.h">
      <Filter>RakNet</Filter>
    </ClInclude>
    <ClInclude Include="src\RakNet\FileOperations.h">
      <Filter>RakNet</Filter>
    </ClInclude>
    <ClInclude Include="src\RakNet\FormatString.h">
      <Filter>RakNet</Filter>
    </ClInclude>
    <ClInclude Include="src\RakNet\FullyConnectedMesh2.h">
      <Filter>RakNet</Filter>
    </ClInclude>
    <ClInclude Include="src\RakNet\Getche.h">
      <Filter>RakNet</Filter>
    </ClInclude>
    <ClInclude Include="src\RakNet\Gets.h">
      <Filter>RakNet</Filter>
    </ClInclude>
    <ClInclude Include="src\RakNet\GetTime.h">
      <Filter>RakNet</Filter>
    </ClInclude>
    <ClInclude Include="src\RakNet\gettimeofday.h">
      <Filter>RakNet</Filter>
    </ClInclude>
    <ClInclude Include="src\RakNet\GridSectorizer.h">
      <Filter>RakNet</Filter>
    </ClInclude>
    <ClInclude Include="src\RakNet\HTTPConnection.h">
      <Filter>RakNet</Filter>
    </ClInclude>
    <ClInclude Include="src\RakNet\HTTPConnection2.h">
      <Filter>RakNet</Filter>
    </ClInclude>
    <ClInclude Include="src\RakNet\IncrementalReadInterface.h">
      <Filter>RakNet</Filter>
    </ClInclude>
    <ClInclude Include="src\RakNet\InternalPacket.h">
      <Filter>RakNet</Filter>
    </ClInclude>
    <ClInclude Include="src\RakNet\Itoa.h">
      <Filter>RakNet</Filter>
    </ClInclude>
    <ClInclude Include="src\RakNet\Kbhit.h">
      <Filter>RakNet</Filter>
    </ClInclude>
    <ClInclude Include="src\RakNet\LinuxStrings.h">
      <Filter>RakNet</Filter>
    </ClInclude>
    <ClInclude Include="src\RakNet\LocklessTypes.h">
      <Filter>RakNet</Filter>
    </ClInclude>
    <ClInclude Include="src\RakNet\LogCommandParser.h">
      <Filter>RakNet</Filter>
    </ClInclude>
    <ClInclude Include="src\RakNet\MessageFilter.h">
      <Filter>RakNet</Filter>
    </ClInclude>
    <ClInclude Include="src\RakNet\MessageIdentifiers.h">
      <Filter>RakNet</Filter>
    </ClInclude>
    <ClInclude Include="src\RakNet\MTUSize.h">
      <Filter>RakNet</Filter>
    </ClInclude>
    <ClInclude Include="src\RakNet\NativeFeatureIncludes.h">
      <Filter>RakNet</Filter>
    </ClInclude>
    <ClInclude Include="src\RakNet\NativeFeatureIncludesOverrides.h">
      <Filter>RakNet</Filter>
    </ClInclude>
    <ClInclude Include="src\RakNet\NativeTypes.h">
      <Filter>RakNet</Filter>
    </ClInclude>
    <ClInclude Include="src\RakNet\NatPunchthroughClient.h">
      <Filter>RakNet</Filter>
    </ClInclude>
    <ClInclude Include="src\RakNet\NatPunchthroughServer.h">
      <Filter>RakNet</Filter>
    </ClInclude>
    <ClInclude Include="src\RakNet\NatTypeDetectionClient.h">
      <Filter>RakNet</Filter>
    </ClInclude>
    <ClInclude Include="src\RakNet\NatTypeDetectionCommon.h">
      <Filter>RakNet</Filter>
    </ClInclude>
    <ClInclude Include="src\RakNet\NatTypeDetectionServer.h">
      <Filter>RakNet</Filter>
    </ClInclude>
    <ClInclude Include="src\RakNet\NetworkIDManager.h">
      <Filter>RakNet</Filter>
    </ClInclude>
    <ClInclude Include="src\RakNet\NetworkIDObject.h">
      <Filter>RakNet</Filter>
    </ClInclude>
    <ClInclude Include="src\RakNet\PacketConsoleLogger.h">
      <Filter>RakNet</Filter>
    </ClInclude>
    <ClInclude Include="src\RakNet\PacketFileLogger.h">
      <Filter>RakNet</Filter>
    </ClInclude>
    <ClInclude Include="src\RakNet\PacketizedTCP.h">
      <Filter>RakNet</Filter>
    </ClInclude>
    <ClInclude Include="src\RakNet\PacketLogger.h">
      <Filter>RakNet</Filter>
    </ClInclude>
    <ClInclude Include="src\RakNet\PacketOutputWindowLogger.h">
      <Filter>RakNet</Filter>
    </ClInclude>
    <ClInclude Include="src\RakNet\PacketPool.h">
      <Filter>RakNet</Filter>
    </ClInclude>
    <ClInclude Include="src\RakNet\PacketPriority.h">
      <Filter>RakNet</Filter>
    </ClInclude>
    <ClInclude Include="src\RakNet\PluginInterface2.h">
      <Filter>RakNet</Filter>
    </ClInclude>
    <ClInclude Include="src\RakNet\PS3Includes.h">
      <Filter>RakNet</Filter>
    </ClInclude>
    <ClInclude Include="src\RakNet\PS4Includes.h">
      <Filter>RakNet</Filter>
    </ClInclude>
    <ClInclude Include="src\RakNet\Rackspace.h">
      <Filter>RakNet</Filter>
    </ClInclude>
    <ClInclude Include="src\RakNet\RakAlloca.h">
      <Filter>RakNet</Filter>
    </ClInclude>
    <ClInclude Include="src\RakNet\RakAssert.h">
      <Filter>RakNet</Filter>
    </ClInclude>
    <ClInclude Include="src\RakNet\RakMemoryOverride.h">
      <Filter>RakNet</Filter>
    </ClInclude>
    <ClInclude Include="src\RakNet\RakNetCommandParser.h">
      <Filter>RakNet</Filter>
    </ClInclude>
    <ClInclude Include="src\RakNet\RakNetDefines.h">
      <Filter>RakNet</Filter>
    </ClInclude>
    <ClInclude Include="src\RakNet\RakNetDefinesOverrides.h">
      <Filter>RakNet</Filter>
    </ClInclude>
    <ClInclude Include="src\RakNet\RakNetSmartPtr.h">
      <Filter>RakNet</Filter>
    </ClInclude>
    <ClInclude Include="src\RakNet\RakNetSocket.h">
      <Filter>RakNet</Filter>
    </ClInclude>
    <ClInclude Include="src\RakNet\RakNetSocket2.h">
      <Filter>RakNet</Filter>
    </ClInclude>
    <ClInclude Include="src\RakNet\RakNetStatistics.h">
      <Filter>RakNet</Filter>
    </ClInclude>
    <ClInclude Include="src\RakNet\RakNetTime.h">
      <Filter>RakNet</Filter>
    </ClInclude>
    <ClInclude Include="src\RakNet\RakNetTransport2.h">
      <Filter>RakNet</Filter>
    </ClInclude>
    <ClInclude Include="src\RakNet\RakNetTypes.h">
      <Filter>RakNet</Filter>
    </ClInclude>
    <ClInclude Include="src\RakNet\RakNetVersion.h">
      <Filter>RakNet</Filter>
    </ClInclude>
    <ClInclude Include="src\RakNet\RakPeer.h">
      <Filter>RakNet</Filter>
    </ClInclude>
    <ClInclude Include="src\RakNet\RakPeerInterface.h">
      <Filter>RakNet</Filter>
    </ClInclude>
    <ClInclude Include="src\RakNet\RakSleep.h">
      <Filter>RakNet</Filter>
    </ClInclude>
    <ClInclude Include="src\RakNet\RakString.h">
      <Filter>RakNet</Filter>
    </ClInclude>
    <ClInclude Include="src\RakNet\RakThread.h">
      <Filter>RakNet</Filter>
    </ClInclude>
    <ClInclude Include="src\RakNet\RakWString.h">
      <Filter>RakNet</Filter>
    </ClInclude>
    <ClInclude Include="src\RakNet\Rand.h">
      <Filter>RakNet</Filter>
    </ClInclude>
    <ClInclude Include="src\RakNet\RandSync.h">
      <Filter>RakNet</Filter>
    </ClInclude>
    <ClInclude Include="src\RakNet\ReadyEvent.h">
      <Filter>RakNet</Filter>
    </ClInclude>
    <ClInclude Include="src\RakNet\RefCountedObj.h">
      <Filter>RakNet</Filter>
    </ClInclude>
    <ClInclude Include="src\RakNet\RelayPlugin.h">
      <Filter>RakNet</Filter>
    </ClInclude>
    <ClInclude Include="src\RakNet\ReliabilityLayer.h">
      <Filter>RakNet</Filter>
    </ClInclude>
    <ClInclude Include="src\RakNet\ReplicaEnums.h">
      <Filter>RakNet</Filter>
    </ClInclude>
    <ClInclude Include="src\RakNet\ReplicaManager3.h">
      <Filter>RakNet</Filter>
    </ClInclude>
    <ClInclude Include="src\RakNet\Router2.h">
      <Filter>RakNet</Filter>
    </ClInclude>
    <ClInclude Include="src\RakNet\RPC4Plugin.h">
      <Filter>RakNet</Filter>
    </ClInclude>
    <ClInclude Include="src\RakNet\SecureHandshake.h">
      <Filter>RakNet</Filter>
    </ClInclude>
    <ClInclude Include="src\RakNet\SendToThread.h">
      <Filter>RakNet</Filter>
    </ClInclude>
    <ClInclude Include="src\RakNet\SignaledEvent.h">
      <Filter>RakNet</Filter>
    </ClInclude>
    <ClInclude Include="src\RakNet\SimpleMutex.h">
      <Filter>RakNet</Filter>
    </ClInclude>
    <ClInclude Include="src\RakNet\SimpleTCPServer.h">
      <Filter>RakNet</Filter>
    </ClInclude>
    <ClInclude Include="src\RakNet\SingleProducerConsumer.h">
      <Filter>RakNet</Filter>
    </ClInclude>
    <ClInclude Include="src\RakNet\SocketDefines.h">
      <Filter>RakNet</Filter>
    </ClInclude>
    <ClInclude Include="src\RakNet\SocketIncludes.h">
      <Filter>RakNet</Filter>
    </ClInclude>
    <ClInclude Include="src\RakNet\SocketLayer.h">
      <Filter>RakNet</Filter>
    </ClInclude>
    <ClInclude Include="src\RakNet\StatisticsHistory.h">
      <Filter>RakNet</Filter>
    </ClInclude>
    <ClInclude Include="src\RakNet\StringCompressor.h">
      <Filter>RakNet</Filter>
    </ClInclude>
    <ClInclude Include="src\RakNet\StringTable.h">
      <Filter>RakNet</Filter>
    </ClInclude>
    <ClInclude Include="src\RakNet\SuperFastHash.h">
      <Filter>RakNet</Filter>
    </ClInclude>
    <ClInclude Include="src\RakNet\TableSerializer.h">
      <Filter>RakNet</Filter>
    </ClInclude>
    <ClInclude Include="src\RakNet\TCPInterface.h">
      <Filter>RakNet</Filter>
    </ClInclude>
    <ClInclude Include="src\RakNet\TeamBalancer.h">
      <Filter>RakNet</Filter>
    </ClInclude>
    <ClInclude Include="src\RakNet\TeamManager.h">
      <Filter>RakNet</Filter>
    </ClInclude>
    <ClInclude Include="src\RakNet\TelnetTransport.h">
      <Filter>RakNet</Filter>
    </ClInclude>
    <ClInclude Include="src\RakNet\ThreadPool.h">
      <Filter>RakNet</Filter>
    </ClInclude>
    <ClInclude Include="src\RakNet\ThreadsafePacketLogger.h">
      <Filter>RakNet</Filter>
    </ClInclude>
    <ClInclude Include="src\RakNet\TransportInterface.h">
      <Filter>RakNet</Filter>
    </ClInclude>
    <ClInclude Include="src\RakNet\TwoWayAuthentication.h">
      <Filter>RakNet</Filter>
    </ClInclude>
    <ClInclude Include="src\RakNet\UDPForwarder.h">
      <Filter>RakNet</Filter>
    </ClInclude>
    <ClInclude Include="src\RakNet\UDPProxyClient.h">
      <Filter>RakNet</Filter>
    </ClInclude>
    <ClInclude Include="src\RakNet\UDPProxyCommon.h">
      <Filter>RakNet</Filter>
    </ClInclude>
    <ClInclude Include="src\RakNet\UDPProxyCoordinator.h">
      <Filter>RakNet</Filter>
    </ClInclude>
    <ClInclude Include="src\RakNet\UDPProxyServer.h">
      <Filter>RakNet</Filter>
    </ClInclude>
    <ClInclude Include="src\RakNet\VariableDeltaSerializer.h">
      <Filter>RakNet</Filter>
    </ClInclude>
    <ClInclude Include="src\RakNet\VariableListDeltaTracker.h">
      <Filter>RakNet</Filter>
    </ClInclude>
    <ClInclude Include="src\RakNet\VariadicSQLParser.h">
      <Filter>RakNet</Filter>
    </ClInclude>
    <ClInclude Include="src\RakNet\VitaIncludes.h">
      <Filter>RakNet</Filter>
    </ClInclude>
    <ClInclude Include="src\RakNet\WindowsIncludes.h">
      <Filter>RakNet</Filter>
    </ClInclude>
    <ClInclude Include="src\RakNet\WSAStartupSingleton.h">
      <Filter>RakNet</Filter>
    </ClInclude>
    <ClInclude Include="src\RakNet\XBox360Includes.h">
      <Filter>RakNet</Filter>
    </ClInclude>
  </ItemGroup>
  <ItemGroup>
    <Filter Include="Headers">
      <UniqueIdentifier>{1116a258-3367-4905-b337-dae30ca63950}</UniqueIdentifier>
    </Filter>
    <Filter Include="Sources">
      <UniqueIdentifier>{ac32ec74-87a4-47c6-a606-a79fe6263773}</UniqueIdentifier>
    </Filter>
    <Filter Include="Other">
      <UniqueIdentifier>{44ca0eb4-289b-4a6f-8cd8-5e52a17af118}</UniqueIdentifier>
    </Filter>
    <Filter Include="RakNet">
      <UniqueIdentifier>{1d3e39f2-39b2-4959-9c11-7466b14c3d87}</UniqueIdentifier>
    </Filter>
  </ItemGroup>
  <ItemGroup>
    <None Include="plugin.def">
      <Filter>Other</Filter>
    </None>
  </ItemGroup>
</Project>